// !$*UTF8*$!
{
	archiveVersion = 1;
	classes = {
	};
	objectVersion = 46;
	objects = {

/* Begin PBXBuildFile section */
		3582F69B1A5F04FC00442F3C /* main.m in Sources */ = {isa = PBXBuildFile; fileRef = 3582F69A1A5F04FC00442F3C /* main.m */; };
		3582F69E1A5F04FC00442F3C /* AppDelegate.m in Sources */ = {isa = PBXBuildFile; fileRef = 3582F69D1A5F04FC00442F3C /* AppDelegate.m */; };
		3582F6A11A5F04FC00442F3C /* ViewController.m in Sources */ = {isa = PBXBuildFile; fileRef = 3582F6A01A5F04FC00442F3C /* ViewController.m */; };
		3582F6A41A5F04FC00442F3C /* Main.storyboard in Resources */ = {isa = PBXBuildFile; fileRef = 3582F6A21A5F04FC00442F3C /* Main.storyboard */; };
		3582F6A61A5F04FC00442F3C /* Images.xcassets in Resources */ = {isa = PBXBuildFile; fileRef = 3582F6A51A5F04FC00442F3C /* Images.xcassets */; };
		3582F6A91A5F04FC00442F3C /* LaunchScreen.xib in Resources */ = {isa = PBXBuildFile; fileRef = 3582F6A71A5F04FC00442F3C /* LaunchScreen.xib */; };
		3582F6B51A5F04FC00442F3C /* MinorityReportTests.m in Sources */ = {isa = PBXBuildFile; fileRef = 3582F6B41A5F04FC00442F3C /* MinorityReportTests.m */; };
/* End PBXBuildFile section */

/* Begin PBXContainerItemProxy section */
		3582F6AF1A5F04FC00442F3C /* PBXContainerItemProxy */ = {
			isa = PBXContainerItemProxy;
			containerPortal = 3582F68D1A5F04FC00442F3C /* Project object */;
			proxyType = 1;
			remoteGlobalIDString = 3582F6941A5F04FC00442F3C;
			remoteInfo = MinorityReport;
		};
/* End PBXContainerItemProxy section */

/* Begin PBXFileReference section */
		3582F6951A5F04FC00442F3C /* MinorityReport.app */ = {isa = PBXFileReference; explicitFileType = wrapper.application; includeInIndex = 0; path = MinorityReport.app; sourceTree = BUILT_PRODUCTS_DIR; };
		3582F6991A5F04FC00442F3C /* Info.plist */ = {isa = PBXFileReference; lastKnownFileType = text.plist.xml; path = Info.plist; sourceTree = "<group>"; };
		3582F69A1A5F04FC00442F3C /* main.m */ = {isa = PBXFileReference; lastKnownFileType = sourcecode.c.objc; path = main.m; sourceTree = "<group>"; };
		3582F69C1A5F04FC00442F3C /* AppDelegate.h */ = {isa = PBXFileReference; lastKnownFileType = sourcecode.c.h; path = AppDelegate.h; sourceTree = "<group>"; };
		3582F69D1A5F04FC00442F3C /* AppDelegate.m */ = {isa = PBXFileReference; lastKnownFileType = sourcecode.c.objc; path = AppDelegate.m; sourceTree = "<group>"; };
		3582F69F1A5F04FC00442F3C /* ViewController.h */ = {isa = PBXFileReference; lastKnownFileType = sourcecode.c.h; path = ViewController.h; sourceTree = "<group>"; };
		3582F6A01A5F04FC00442F3C /* ViewController.m */ = {isa = PBXFileReference; lastKnownFileType = sourcecode.c.objc; path = ViewController.m; sourceTree = "<group>"; };
		3582F6A31A5F04FC00442F3C /* Base */ = {isa = PBXFileReference; lastKnownFileType = file.storyboard; name = Base; path = Base.lproj/Main.storyboard; sourceTree = "<group>"; };
		3582F6A51A5F04FC00442F3C /* Images.xcassets */ = {isa = PBXFileReference; lastKnownFileType = folder.assetcatalog; path = Images.xcassets; sourceTree = "<group>"; };
		3582F6A81A5F04FC00442F3C /* Base */ = {isa = PBXFileReference; lastKnownFileType = file.xib; name = Base; path = Base.lproj/LaunchScreen.xib; sourceTree = "<group>"; };
		3582F6AE1A5F04FC00442F3C /* MinorityReportTests.xctest */ = {isa = PBXFileReference; explicitFileType = wrapper.cfbundle; includeInIndex = 0; path = MinorityReportTests.xctest; sourceTree = BUILT_PRODUCTS_DIR; };
		3582F6B31A5F04FC00442F3C /* Info.plist */ = {isa = PBXFileReference; lastKnownFileType = text.plist.xml; path = Info.plist; sourceTree = "<group>"; };
		3582F6B41A5F04FC00442F3C /* MinorityReportTests.m */ = {isa = PBXFileReference; lastKnownFileType = sourcecode.c.objc; path = MinorityReportTests.m; sourceTree = "<group>"; };
/* End PBXFileReference section */

/* Begin PBXFrameworksBuildPhase section */
		3582F6921A5F04FC00442F3C /* Frameworks */ = {
			isa = PBXFrameworksBuildPhase;
			buildActionMask = 2147483647;
			files = (
			);
			runOnlyForDeploymentPostprocessing = 0;
		};
		3582F6AB1A5F04FC00442F3C /* Frameworks */ = {
			isa = PBXFrameworksBuildPhase;
			buildActionMask = 2147483647;
			files = (
			);
			runOnlyForDeploymentPostprocessing = 0;
		};
/* End PBXFrameworksBuildPhase section */

/* Begin PBXGroup section */
		3582F68C1A5F04FC00442F3C = {
			isa = PBXGroup;
			children = (
				3582F6971A5F04FC00442F3C /* MinorityReport */,
				3582F6B11A5F04FC00442F3C /* MinorityReportTests */,
				3582F6961A5F04FC00442F3C /* Products */,
			);
			sourceTree = "<group>";
		};
		3582F6961A5F04FC00442F3C /* Products */ = {
			isa = PBXGroup;
			children = (
				3582F6951A5F04FC00442F3C /* MinorityReport.app */,
				3582F6AE1A5F04FC00442F3C /* MinorityReportTests.xctest */,
			);
			name = Products;
			sourceTree = "<group>";
		};
		3582F6971A5F04FC00442F3C /* MinorityReport */ = {
			isa = PBXGroup;
			children = (
				3582F69C1A5F04FC00442F3C /* AppDelegate.h */,
				3582F69D1A5F04FC00442F3C /* AppDelegate.m */,
				3582F69F1A5F04FC00442F3C /* ViewController.h */,
				3582F6A01A5F04FC00442F3C /* ViewController.m */,
				3582F6A21A5F04FC00442F3C /* Main.storyboard */,
				3582F6A51A5F04FC00442F3C /* Images.xcassets */,
				3582F6A71A5F04FC00442F3C /* LaunchScreen.xib */,
				3582F6981A5F04FC00442F3C /* Supporting Files */,
			);
			path = MinorityReport;
			sourceTree = "<group>";
		};
		3582F6981A5F04FC00442F3C /* Supporting Files */ = {
			isa = PBXGroup;
			children = (
				3582F6991A5F04FC00442F3C /* Info.plist */,
				3582F69A1A5F04FC00442F3C /* main.m */,
			);
			name = "Supporting Files";
			sourceTree = "<group>";
		};
		3582F6B11A5F04FC00442F3C /* MinorityReportTests */ = {
			isa = PBXGroup;
			children = (
				3582F6B41A5F04FC00442F3C /* MinorityReportTests.m */,
				3582F6B21A5F04FC00442F3C /* Supporting Files */,
			);
			path = MinorityReportTests;
			sourceTree = "<group>";
		};
		3582F6B21A5F04FC00442F3C /* Supporting Files */ = {
			isa = PBXGroup;
			children = (
				3582F6B31A5F04FC00442F3C /* Info.plist */,
			);
			name = "Supporting Files";
			sourceTree = "<group>";
		};
/* End PBXGroup section */

/* Begin PBXNativeTarget section */
		3582F6941A5F04FC00442F3C /* MinorityReport */ = {
			isa = PBXNativeTarget;
			buildConfigurationList = 3582F6B81A5F04FC00442F3C /* Build configuration list for PBXNativeTarget "MinorityReport" */;
			buildPhases = (
				3582F6911A5F04FC00442F3C /* Sources */,
				3582F6921A5F04FC00442F3C /* Frameworks */,
				3582F6931A5F04FC00442F3C /* Resources */,
			);
			buildRules = (
			);
			dependencies = (
			);
			name = MinorityReport;
			productName = MinorityReport;
			productReference = 3582F6951A5F04FC00442F3C /* MinorityReport.app */;
			productType = "com.apple.product-type.application";
		};
		3582F6AD1A5F04FC00442F3C /* MinorityReportTests */ = {
			isa = PBXNativeTarget;
			buildConfigurationList = 3582F6BB1A5F04FC00442F3C /* Build configuration list for PBXNativeTarget "MinorityReportTests" */;
			buildPhases = (
				3582F6AA1A5F04FC00442F3C /* Sources */,
				3582F6AB1A5F04FC00442F3C /* Frameworks */,
				3582F6AC1A5F04FC00442F3C /* Resources */,
			);
			buildRules = (
			);
			dependencies = (
				3582F6B01A5F04FC00442F3C /* PBXTargetDependency */,
			);
			name = MinorityReportTests;
			productName = MinorityReportTests;
			productReference = 3582F6AE1A5F04FC00442F3C /* MinorityReportTests.xctest */;
			productType = "com.apple.product-type.bundle.unit-test";
		};
/* End PBXNativeTarget section */

/* Begin PBXProject section */
		3582F68D1A5F04FC00442F3C /* Project object */ = {
			isa = PBXProject;
			attributes = {
				LastUpgradeCheck = 0610;
				ORGANIZATIONNAME = "Gustavo Couto";
				TargetAttributes = {
					3582F6941A5F04FC00442F3C = {
						CreatedOnToolsVersion = 6.1.1;
					};
					3582F6AD1A5F04FC00442F3C = {
						CreatedOnToolsVersion = 6.1.1;
						TestTargetID = 3582F6941A5F04FC00442F3C;
					};
				};
			};
			buildConfigurationList = 3582F6901A5F04FC00442F3C /* Build configuration list for PBXProject "MinorityReport" */;
			compatibilityVersion = "Xcode 3.2";
			developmentRegion = English;
			hasScannedForEncodings = 0;
			knownRegions = (
				en,
				Base,
			);
			mainGroup = 3582F68C1A5F04FC00442F3C;
			productRefGroup = 3582F6961A5F04FC00442F3C /* Products */;
			projectDirPath = "";
			projectRoot = "";
			targets = (
				3582F6941A5F04FC00442F3C /* MinorityReport */,
				3582F6AD1A5F04FC00442F3C /* MinorityReportTests */,
			);
		};
/* End PBXProject section */

/* Begin PBXResourcesBuildPhase section */
		3582F6931A5F04FC00442F3C /* Resources */ = {
			isa = PBXResourcesBuildPhase;
			buildActionMask = 2147483647;
			files = (
				3582F6A41A5F04FC00442F3C /* Main.storyboard in Resources */,
				3582F6A91A5F04FC00442F3C /* LaunchScreen.xib in Resources */,
				3582F6A61A5F04FC00442F3C /* Images.xcassets in Resources */,
			);
			runOnlyForDeploymentPostprocessing = 0;
		};
		3582F6AC1A5F04FC00442F3C /* Resources */ = {
			isa = PBXResourcesBuildPhase;
			buildActionMask = 2147483647;
			files = (
			);
			runOnlyForDeploymentPostprocessing = 0;
		};
/* End PBXResourcesBuildPhase section */

/* Begin PBXSourcesBuildPhase section */
		3582F6911A5F04FC00442F3C /* Sources */ = {
			isa = PBXSourcesBuildPhase;
			buildActionMask = 2147483647;
			files = (
				3582F6A11A5F04FC00442F3C /* ViewController.m in Sources */,
				3582F69E1A5F04FC00442F3C /* AppDelegate.m in Sources */,
				3582F69B1A5F04FC00442F3C /* main.m in Sources */,
			);
			runOnlyForDeploymentPostprocessing = 0;
		};
		3582F6AA1A5F04FC00442F3C /* Sources */ = {
			isa = PBXSourcesBuildPhase;
			buildActionMask = 2147483647;
			files = (
				3582F6B51A5F04FC00442F3C /* MinorityReportTests.m in Sources */,
			);
			runOnlyForDeploymentPostprocessing = 0;
		};
/* End PBXSourcesBuildPhase section */

/* Begin PBXTargetDependency section */
		3582F6B01A5F04FC00442F3C /* PBXTargetDependency */ = {
			isa = PBXTargetDependency;
			target = 3582F6941A5F04FC00442F3C /* MinorityReport */;
			targetProxy = 3582F6AF1A5F04FC00442F3C /* PBXContainerItemProxy */;
		};
/* End PBXTargetDependency section */

/* Begin PBXVariantGroup section */
		3582F6A21A5F04FC00442F3C /* Main.storyboard */ = {
			isa = PBXVariantGroup;
			children = (
				3582F6A31A5F04FC00442F3C /* Base */,
			);
			name = Main.storyboard;
			sourceTree = "<group>";
		};
		3582F6A71A5F04FC00442F3C /* LaunchScreen.xib */ = {
			isa = PBXVariantGroup;
			children = (
				3582F6A81A5F04FC00442F3C /* Base */,
			);
			name = LaunchScreen.xib;
			sourceTree = "<group>";
		};
/* End PBXVariantGroup section */

/* Begin XCBuildConfiguration section */
		3582F6B61A5F04FC00442F3C /* Debug */ = {
			isa = XCBuildConfiguration;
			buildSettings = {
				ALWAYS_SEARCH_USER_PATHS = NO;
				CLANG_CXX_LANGUAGE_STANDARD = "gnu++0x";
				CLANG_CXX_LIBRARY = "libc++";
				CLANG_ENABLE_MODULES = YES;
				CLANG_ENABLE_OBJC_ARC = YES;
				CLANG_WARN_BOOL_CONVERSION = YES;
				CLANG_WARN_CONSTANT_CONVERSION = YES;
				CLANG_WARN_DIRECT_OBJC_ISA_USAGE = YES_ERROR;
				CLANG_WARN_EMPTY_BODY = YES;
				CLANG_WARN_ENUM_CONVERSION = YES;
				CLANG_WARN_INT_CONVERSION = YES;
				CLANG_WARN_OBJC_ROOT_CLASS = YES_ERROR;
				CLANG_WARN_UNREACHABLE_CODE = YES;
				CLANG_WARN__DUPLICATE_METHOD_MATCH = YES;
				"CODE_SIGN_IDENTITY[sdk=iphoneos*]" = "iPhone Developer";
				COPY_PHASE_STRIP = NO;
				ENABLE_STRICT_OBJC_MSGSEND = YES;
				GCC_C_LANGUAGE_STANDARD = gnu99;
				GCC_DYNAMIC_NO_PIC = NO;
				GCC_OPTIMIZATION_LEVEL = 0;
				GCC_PREPROCESSOR_DEFINITIONS = (
					"DEBUG=1",
					"$(inherited)",
				);
				GCC_SYMBOLS_PRIVATE_EXTERN = NO;
				GCC_WARN_64_TO_32_BIT_CONVERSION = YES;
				GCC_WARN_ABOUT_RETURN_TYPE = YES_ERROR;
				GCC_WARN_UNDECLARED_SELECTOR = YES;
				GCC_WARN_UNINITIALIZED_AUTOS = YES_AGGRESSIVE;
				GCC_WARN_UNUSED_FUNCTION = YES;
				GCC_WARN_UNUSED_VARIABLE = YES;
				IPHONEOS_DEPLOYMENT_TARGET = 8.1;
				MTL_ENABLE_DEBUG_INFO = YES;
				ONLY_ACTIVE_ARCH = YES;
				SDKROOT = iphoneos;
			};
			name = Debug;
		};
		3582F6B71A5F04FC00442F3C /* Release */ = {
			isa = XCBuildConfiguration;
			buildSettings = {
				ALWAYS_SEARCH_USER_PATHS = NO;
				CLANG_CXX_LANGUAGE_STANDARD = "gnu++0x";
				CLANG_CXX_LIBRARY = "libc++";
				CLANG_ENABLE_MODULES = YES;
				CLANG_ENABLE_OBJC_ARC = YES;
				CLANG_WARN_BOOL_CONVERSION = YES;
				CLANG_WARN_CONSTANT_CONVERSION = YES;
				CLANG_WARN_DIRECT_OBJC_ISA_USAGE = YES_ERROR;
				CLANG_WARN_EMPTY_BODY = YES;
				CLANG_WARN_ENUM_CONVERSION = YES;
				CLANG_WARN_INT_CONVERSION = YES;
				CLANG_WARN_OBJC_ROOT_CLASS = YES_ERROR;
				CLANG_WARN_UNREACHABLE_CODE = YES;
				CLANG_WARN__DUPLICATE_METHOD_MATCH = YES;
				"CODE_SIGN_IDENTITY[sdk=iphoneos*]" = "iPhone Developer";
				COPY_PHASE_STRIP = YES;
				ENABLE_NS_ASSERTIONS = NO;
				ENABLE_STRICT_OBJC_MSGSEND = YES;
				GCC_C_LANGUAGE_STANDARD = gnu99;
				GCC_WARN_64_TO_32_BIT_CONVERSION = YES;
				GCC_WARN_ABOUT_RETURN_TYPE = YES_ERROR;
				GCC_WARN_UNDECLARED_SELECTOR = YES;
				GCC_WARN_UNINITIALIZED_AUTOS = YES_AGGRESSIVE;
				GCC_WARN_UNUSED_FUNCTION = YES;
				GCC_WARN_UNUSED_VARIABLE = YES;
				IPHONEOS_DEPLOYMENT_TARGET = 8.1;
				MTL_ENABLE_DEBUG_INFO = NO;
				SDKROOT = iphoneos;
				VALIDATE_PRODUCT = YES;
			};
			name = Release;
		};
		3582F6B91A5F04FC00442F3C /* Debug */ = {
			isa = XCBuildConfiguration;
			buildSettings = {
				ASSETCATALOG_COMPILER_APPICON_NAME = AppIcon;
				INFOPLIST_FILE = MinorityReport/Info.plist;
				LD_RUNPATH_SEARCH_PATHS = "$(inherited) @executable_path/Frameworks";
				PRODUCT_NAME = "$(TARGET_NAME)";
			};
			name = Debug;
		};
		3582F6BA1A5F04FC00442F3C /* Release */ = {
			isa = XCBuildConfiguration;
			buildSettings = {
				ASSETCATALOG_COMPILER_APPICON_NAME = AppIcon;
				INFOPLIST_FILE = MinorityReport/Info.plist;
				LD_RUNPATH_SEARCH_PATHS = "$(inherited) @executable_path/Frameworks";
				PRODUCT_NAME = "$(TARGET_NAME)";
			};
			name = Release;
		};
		3582F6BC1A5F04FC00442F3C /* Debug */ = {
			isa = XCBuildConfiguration;
			buildSettings = {
				BUNDLE_LOADER = "$(TEST_HOST)";
				FRAMEWORK_SEARCH_PATHS = (
					"$(SDKROOT)/Developer/Library/Frameworks",
					"$(inherited)",
				);
				GCC_PREPROCESSOR_DEFINITIONS = (
					"DEBUG=1",
					"$(inherited)",
				);
				INFOPLIST_FILE = MinorityReportTests/Info.plist;
				LD_RUNPATH_SEARCH_PATHS = "$(inherited) @executable_path/Frameworks @loader_path/Frameworks";
				PRODUCT_NAME = "$(TARGET_NAME)";
				TEST_HOST = "$(BUILT_PRODUCTS_DIR)/MinorityReport.app/MinorityReport";
			};
			name = Debug;
		};
		3582F6BD1A5F04FC00442F3C /* Release */ = {
			isa = XCBuildConfiguration;
			buildSettings = {
				BUNDLE_LOADER = "$(TEST_HOST)";
				FRAMEWORK_SEARCH_PATHS = (
					"$(SDKROOT)/Developer/Library/Frameworks",
					"$(inherited)",
				);
				INFOPLIST_FILE = MinorityReportTests/Info.plist;
				LD_RUNPATH_SEARCH_PATHS = "$(inherited) @executable_path/Frameworks @loader_path/Frameworks";
				PRODUCT_NAME = "$(TARGET_NAME)";
				TEST_HOST = "$(BUILT_PRODUCTS_DIR)/MinorityReport.app/MinorityReport";
			};
			name = Release;
		};
/* End XCBuildConfiguration section */

/* Begin XCConfigurationList section */
		3582F6901A5F04FC00442F3C /* Build configuration list for PBXProject "MinorityReport" */ = {
			isa = XCConfigurationList;
			buildConfigurations = (
				3582F6B61A5F04FC00442F3C /* Debug */,
				3582F6B71A5F04FC00442F3C /* Release */,
			);
			defaultConfigurationIsVisible = 0;
			defaultConfigurationName = Release;
		};
		3582F6B81A5F04FC00442F3C /* Build configuration list for PBXNativeTarget "MinorityReport" */ = {
			isa = XCConfigurationList;
			buildConfigurations = (
				3582F6B91A5F04FC00442F3C /* Debug */,
				3582F6BA1A5F04FC00442F3C /* Release */,
			);
			defaultConfigurationIsVisible = 0;
		};
		3582F6BB1A5F04FC00442F3C /* Build configuration list for PBXNativeTarget "MinorityReportTests" */ = {
			isa = XCConfigurationList;
			buildConfigurations = (
				3582F6BC1A5F04FC00442F3C /* Debug */,
				3582F6BD1A5F04FC00442F3C /* Release */,
			);
			defaultConfigurationIsVisible = 0;
		};
/* End XCConfigurationList section */
	};
	rootObject = 3582F68D1A5F04FC00442F3C /* Project object */;
}
